
Microsoft Visual Studio Solution File, Format Version 12.00
# Visual Studio Version 17
VisualStudioVersion = 17.11.35222.181
MinimumVisualStudioVersion = 10.0.40219.1
Project("{FAE04EC0-301F-11D3-BF4B-00C04F79EFBC}") = "EmployeeAdminPortal", "EmployeeAdminPortal\EmployeeAdminPortal.csproj", "{CE38E40A-08CD-44EF-B276-BB41742C1EEE}"
EndProject
Global
	GlobalSection(SolutionConfigurationPlatforms) = preSolution
		Debug|Any CPU = Debug|Any CPU
		Release|Any CPU = Release|Any CPU
	EndGlobalSection
	GlobalSection(ProjectConfigurationPlatforms) = postSolution
		{CE38E40A-08CD-44EF-B276-BB41742C1EEE}.Debug|Any CPU.ActiveCfg = Debug|Any CPU
		{CE38E40A-08CD-44EF-B276-BB41742C1EEE}.Debug|Any CPU.Build.0 = Debug|Any CPU
		{CE38E40A-08CD-44EF-B276-BB41742C1EEE}.Release|Any CPU.ActiveCfg = Release|Any CPU
		{CE38E40A-08CD-44EF-B276-BB41742C1EEE}.Release|Any CPU.Build.0 = Release|Any CPU
	EndGlobalSection
	GlobalSection(SolutionProperties) = preSolution
		HideSolutionNode = FALSE
	EndGlobalSection
	GlobalSection(ExtensibilityGlobals) = postSolution
		SolutionGuid = {2EABD716-73AE-4935-8F27-3D241D8C06B5}
	EndGlobalSection
EndGlobal
